
Microsoft Visual Studio Solution File, Format Version 12.00
# Visual Studio 15
VisualStudioVersion = 15.0.26124.0
MinimumVisualStudioVersion = 15.0.26124.0
Project("{FAE04EC0-301F-11D3-BF4B-00C04F79EFBC}") = "UNetCore.WeiXin.Core", "UNetCore.WeiXin.Core\UNetCore.WeiXin.Core.csproj", "{7A55030C-EBC1-47A3-AA31-943540E4EC1B}"
EndProject
Project("{FAE04EC0-301F-11D3-BF4B-00C04F79EFBC}") = "UNetCore.WeiXin.MP", "UNetCore.WeiXin.MP\UNetCore.WeiXin.MP.csproj", "{06E3B753-5A87-47B3-A49C-DBCC74CAEDB6}"
EndProject
Project("{FAE04EC0-301F-11D3-BF4B-00C04F79EFBC}") = "UNetCore.WeiXin.Open", "UNetCore.WeiXin.Open\UNetCore.WeiXin.Open.csproj", "{8578984D-F507-4ACA-8631-39389DD64BF9}"
EndProject
Project("{FAE04EC0-301F-11D3-BF4B-00C04F79EFBC}") = "UNetCore.WeiXin.Pay", "UNetCore.WeiXin.Pay\UNetCore.WeiXin.Pay.csproj", "{55B2EFB8-60A3-4C45-A97A-0E567DD8ADE6}"
EndProject
Global
	GlobalSection(SolutionConfigurationPlatforms) = preSolution
		Debug|Any CPU = Debug|Any CPU
		Debug|x64 = Debug|x64
		Debug|x86 = Debug|x86
		Release|Any CPU = Release|Any CPU
		Release|x64 = Release|x64
		Release|x86 = Release|x86
	EndGlobalSection
	GlobalSection(SolutionProperties) = preSolution
		HideSolutionNode = FALSE
	EndGlobalSection
	GlobalSection(ProjectConfigurationPlatforms) = postSolution
		{7A55030C-EBC1-47A3-AA31-943540E4EC1B}.Debug|Any CPU.ActiveCfg = Debug|Any CPU
		{7A55030C-EBC1-47A3-AA31-943540E4EC1B}.Debug|Any CPU.Build.0 = Debug|Any CPU
		{7A55030C-EBC1-47A3-AA31-943540E4EC1B}.Debug|x64.ActiveCfg = Debug|Any CPU
		{7A55030C-EBC1-47A3-AA31-943540E4EC1B}.Debug|x64.Build.0 = Debug|Any CPU
		{7A55030C-EBC1-47A3-AA31-943540E4EC1B}.Debug|x86.ActiveCfg = Debug|Any CPU
		{7A55030C-EBC1-47A3-AA31-943540E4EC1B}.Debug|x86.Build.0 = Debug|Any CPU
		{7A55030C-EBC1-47A3-AA31-943540E4EC1B}.Release|Any CPU.ActiveCfg = Release|Any CPU
		{7A55030C-EBC1-47A3-AA31-943540E4EC1B}.Release|Any CPU.Build.0 = Release|Any CPU
		{7A55030C-EBC1-47A3-AA31-943540E4EC1B}.Release|x64.ActiveCfg = Release|Any CPU
		{7A55030C-EBC1-47A3-AA31-943540E4EC1B}.Release|x64.Build.0 = Release|Any CPU
		{7A55030C-EBC1-47A3-AA31-943540E4EC1B}.Release|x86.ActiveCfg = Release|Any CPU
		{7A55030C-EBC1-47A3-AA31-943540E4EC1B}.Release|x86.Build.0 = Release|Any CPU
		{06E3B753-5A87-47B3-A49C-DBCC74CAEDB6}.Debug|Any CPU.ActiveCfg = Debug|Any CPU
		{06E3B753-5A87-47B3-A49C-DBCC74CAEDB6}.Debug|Any CPU.Build.0 = Debug|Any CPU
		{06E3B753-5A87-47B3-A49C-DBCC74CAEDB6}.Debug|x64.ActiveCfg = Debug|Any CPU
		{06E3B753-5A87-47B3-A49C-DBCC74CAEDB6}.Debug|x64.Build.0 = Debug|Any CPU
		{06E3B753-5A87-47B3-A49C-DBCC74CAEDB6}.Debug|x86.ActiveCfg = Debug|Any CPU
		{06E3B753-5A87-47B3-A49C-DBCC74CAEDB6}.Debug|x86.Build.0 = Debug|Any CPU
		{06E3B753-5A87-47B3-A49C-DBCC74CAEDB6}.Release|Any CPU.ActiveCfg = Release|Any CPU
		{06E3B753-5A87-47B3-A49C-DBCC74CAEDB6}.Release|Any CPU.Build.0 = Release|Any CPU
		{06E3B753-5A87-47B3-A49C-DBCC74CAEDB6}.Release|x64.ActiveCfg = Release|Any CPU
		{06E3B753-5A87-47B3-A49C-DBCC74CAEDB6}.Release|x64.Build.0 = Release|Any CPU
		{06E3B753-5A87-47B3-A49C-DBCC74CAEDB6}.Release|x86.ActiveCfg = Release|Any CPU
		{06E3B753-5A87-47B3-A49C-DBCC74CAEDB6}.Release|x86.Build.0 = Release|Any CPU
		{8578984D-F507-4ACA-8631-39389DD64BF9}.Debug|Any CPU.ActiveCfg = Debug|Any CPU
		{8578984D-F507-4ACA-8631-39389DD64BF9}.Debug|Any CPU.Build.0 = Debug|Any CPU
		{8578984D-F507-4ACA-8631-39389DD64BF9}.Debug|x64.ActiveCfg = Debug|Any CPU
		{8578984D-F507-4ACA-8631-39389DD64BF9}.Debug|x64.Build.0 = Debug|Any CPU
		{8578984D-F507-4ACA-8631-39389DD64BF9}.Debug|x86.ActiveCfg = Debug|Any CPU
		{8578984D-F507-4ACA-8631-39389DD64BF9}.Debug|x86.Build.0 = Debug|Any CPU
		{8578984D-F507-4ACA-8631-39389DD64BF9}.Release|Any CPU.ActiveCfg = Release|Any CPU
		{8578984D-F507-4ACA-8631-39389DD64BF9}.Release|Any CPU.Build.0 = Release|Any CPU
		{8578984D-F507-4ACA-8631-39389DD64BF9}.Release|x64.ActiveCfg = Release|Any CPU
		{8578984D-F507-4ACA-8631-39389DD64BF9}.Release|x64.Build.0 = Release|Any CPU
		{8578984D-F507-4ACA-8631-39389DD64BF9}.Release|x86.ActiveCfg = Release|Any CPU
		{8578984D-F507-4ACA-8631-39389DD64BF9}.Release|x86.Build.0 = Release|Any CPU
		{55B2EFB8-60A3-4C45-A97A-0E567DD8ADE6}.Debug|Any CPU.ActiveCfg = Debug|Any CPU
		{55B2EFB8-60A3-4C45-A97A-0E567DD8ADE6}.Debug|Any CPU.Build.0 = Debug|Any CPU
		{55B2EFB8-60A3-4C45-A97A-0E567DD8ADE6}.Debug|x64.ActiveCfg = Debug|Any CPU
		{55B2EFB8-60A3-4C45-A97A-0E567DD8ADE6}.Debug|x64.Build.0 = Debug|Any CPU
		{55B2EFB8-60A3-4C45-A97A-0E567DD8ADE6}.Debug|x86.ActiveCfg = Debug|Any CPU
		{55B2EFB8-60A3-4C45-A97A-0E567DD8ADE6}.Debug|x86.Build.0 = Debug|Any CPU
		{55B2EFB8-60A3-4C45-A97A-0E567DD8ADE6}.Release|Any CPU.ActiveCfg = Release|Any CPU
		{55B2EFB8-60A3-4C45-A97A-0E567DD8ADE6}.Release|Any CPU.Build.0 = Release|Any CPU
		{55B2EFB8-60A3-4C45-A97A-0E567DD8ADE6}.Release|x64.ActiveCfg = Release|Any CPU
		{55B2EFB8-60A3-4C45-A97A-0E567DD8ADE6}.Release|x64.Build.0 = Release|Any CPU
		{55B2EFB8-60A3-4C45-A97A-0E567DD8ADE6}.Release|x86.ActiveCfg = Release|Any CPU
		{55B2EFB8-60A3-4C45-A97A-0E567DD8ADE6}.Release|x86.Build.0 = Release|Any CPU
	EndGlobalSection
EndGlobal
